
Microsoft Visual Studio Solution File, Format Version 12.00
# Visual Studio 15
VisualStudioVersion = 15.0.28010.2046
MinimumVisualStudioVersion = 10.0.40219.1
Project("{FAE04EC0-301F-11D3-BF4B-00C04F79EFBC}") = "BookService", "BookService\BookService.csproj", "{D873274E-9020-48BD-8EF4-089207AD47BD}"
EndProject
Project("{2150E333-8FDC-42A3-9474-1A3956D46DE8}") = "Solution Items", "Solution Items", "{CA4C71F0-FC15-49FA-B4F3-FE11B0A790D3}"
	ProjectSection(SolutionItems) = preProject
		Resumen.txt = Resumen.txt
	EndProjectSection
EndProject
Global
	GlobalSection(SolutionConfigurationPlatforms) = preSolution
		Debug|Any CPU = Debug|Any CPU
		Release|Any CPU = Release|Any CPU
	EndGlobalSection
	GlobalSection(ProjectConfigurationPlatforms) = postSolution
		{D873274E-9020-48BD-8EF4-089207AD47BD}.Debug|Any CPU.ActiveCfg = Debug|Any CPU
		{D873274E-9020-48BD-8EF4-089207AD47BD}.Debug|Any CPU.Build.0 = Debug|Any CPU
		{D873274E-9020-48BD-8EF4-089207AD47BD}.Release|Any CPU.ActiveCfg = Release|Any CPU
		{D873274E-9020-48BD-8EF4-089207AD47BD}.Release|Any CPU.Build.0 = Release|Any CPU
	EndGlobalSection
	GlobalSection(SolutionProperties) = preSolution
		HideSolutionNode = FALSE
	EndGlobalSection
	GlobalSection(ExtensibilityGlobals) = postSolution
		SolutionGuid = {FA51469A-9E3C-4B18-9880-FCA604395EAE}
	EndGlobalSection
EndGlobal
